{
  "version": 4,
  "terraform_version": "1.5.7",
  "serial": 65,
  "lineage": "e2d1beca-3911-ffe8-3bdc-6294a0049fe8",
  "outputs": {
    "admin_api_key": {
      "value": "oAjqhLi2Um1BqXnvwGCoaaHTOZrI8Vp24bBzaE4n",
      "type": "string",
      "sensitive": true
    },
    "admin_endpoint": {
      "value": "https://api.untwist.app/admin/feedback",
      "type": "string"
    },
    "api_endpoint": {
      "value": "https://o38y9lrtol.execute-api.us-east-1.amazonaws.com/prod",
      "type": "string"
    },
    "api_gateway_domain_target": {
      "value": {
        "regional_domain": "d-sb21il7u14.execute-api.us-east-1.amazonaws.com",
        "regional_zone": "Z1UJRXOUMOOFQ8"
      },
      "type": [
        "object",
        {
          "regional_domain": "string",
          "regional_zone": "string"
        }
      ]
    },
    "api_key": {
      "value": "PLXXXkx7F6aHYmcOHXF6E8P68HqSAv7jwUyMyO78",
      "type": "string",
      "sensitive": true
    },
    "certificate_validation_instructions": {
      "value": "\n⚠️  CERTIFICATE VALIDATION REQUIRED ⚠️\n\nYour ACM certificate needs DNS validation. Add this CNAME record to Namecheap:\n\nType: CNAME\nHost: _84db6dc9684731ac3f75a343ef5079c9.api\nValue: _7c9517dca230d4a54daaee9a5058ea33.jkddzztszm.acm-validations.aws.\nTTL: Automatic\n\nAfter adding to Namecheap:\n1. Wait 5-15 minutes for DNS propagation\n2. The certificate will auto-validate\n3. Then you can use the custom domain\n\nCheck status: AWS Console → Certificate Manager → us-east-1\n\n",
      "type": "string"
    },
    "cloudwatch_log_groups": {
      "value": {
        "admin_handler": "/aws/lambda/untwist-admin-handler-prod",
        "api_gateway": "/aws/apigateway/untwist-prod",
        "feedback_handler": "/aws/lambda/untwist-feedback-handler-prod"
      },
      "type": [
        "object",
        {
          "admin_handler": "string",
          "api_gateway": "string",
          "feedback_handler": "string"
        }
      ]
    },
    "custom_domain_url": {
      "value": "https://api.untwist.app",
      "type": "string"
    },
    "domain_validation_records": {
      "value": {
        "api.untwist.app": {
          "name": "_84db6dc9684731ac3f75a343ef5079c9.api.untwist.app.",
          "type": "CNAME",
          "value": "_7c9517dca230d4a54daaee9a5058ea33.jkddzztszm.acm-validations.aws."
        }
      },
      "type": [
        "object",
        {
          "api.untwist.app": [
            "object",
            {
              "name": "string",
              "type": "string",
              "value": "string"
            }
          ]
        }
      ]
    },
    "dynamodb_table_name": {
      "value": "untwist-feedback-prod",
      "type": "string"
    },
    "feedback_endpoint": {
      "value": "https://api.untwist.app/feedback",
      "type": "string"
    },
    "lambda_function_names": {
      "value": {
        "admin_handler": "untwist-admin-handler-prod",
        "feedback_handler": "untwist-feedback-handler-prod"
      },
      "type": [
        "object",
        {
          "admin_handler": "string",
          "feedback_handler": "string"
        }
      ]
    },
    "next_steps": {
      "value": "\n========================================\nUntwist Feedback API - Deployment Complete!\n========================================\n\nAPI Endpoints:\n- Feedback: https://api.untwist.app/feedback\n- Admin: https://api.untwist.app/admin/feedback\n\nAPI Keys:\n- Feedback (iOS app): Run 'terraform output -raw api_key'\n- Admin (dashboard): Run 'terraform output -raw admin_api_key'\n\nNext Steps:\n-----------\n\n⚠️  1. VALIDATE CERTIFICATE (REQUIRED):\n     Run: terraform output certificate_validation_instructions\n\n\n2. DNS Configuration (Namecheap):\n   - Add CNAME record:\n     Name: api\n     Value: d-sb21il7u14.execute-api.us-east-1.amazonaws.com\n\n3. Verify SES Email Addresses:\n   - Check your inbox for verification emails\n   - Click verification links for:\n     * noreply@untwist.app\n     * john@untwist.app\n\n4. Test the API:\n   curl -X POST https://api.untwist.app/feedback \\\n     -H \"Content-Type: application/json\" \\\n     -H \"x-api-key: YOUR-API-KEY\" \\\\\n     -d '{\n       \"feedback\": \"Test feedback\",\n       \"type\": \"general_feedback\",\n       \"timestamp\": \"2025-11-08T12:00:00Z\"\n     }'\n\n5. Update iOS App:\n   - Endpoint is already set correctly in FeedbackService.swift\n   - Add API key header: request.setValue(apiKey, forHTTPHeaderField: \"x-api-key\")\n\n6. Monitor:\n   - CloudWatch Logs: /aws/apigateway/untwist-prod\n   - DynamoDB Table: untwist-feedback-prod\n\nResources Created:\n- API Gateway: untwist-api-prod\n- Lambda Functions: 2 (feedback-handler, admin-handler)\n- DynamoDB Table: untwist-feedback-prod\n- Custom Domain: api.untwist.app\n\n========================================\n",
      "type": "string"
    },
    "ses_verification_instructions": {
      "value": "\nIMPORTANT: SES Email Verification Required\n==========================================\n\nPlease verify the following email addresses in the AWS Console:\n\n1. Go to AWS Console → SES → Verified identities\n2. Click on the email address to verify:\n   - FROM: noreply@untwist.app\n   - NOTIFICATION: john@untwist.app\n\n3. Check your email inbox for verification emails from AWS\n4. Click the verification link in each email\n\nNote: SES starts in \"sandbox mode\" which only allows sending to verified addresses.\nTo send to any address, request production access:\n\nAWS Console → SES → Account dashboard → Request production access\n\n",
      "type": "string"
    }
  },
  "resources": [
    {
      "mode": "data",
      "type": "archive_file",
      "name": "admin_handler",
      "provider": "provider[\"registry.terraform.io/hashicorp/archive\"]",
      "instances": [
        {
          "schema_version": 0,
          "attributes": {
            "exclude_symlink_directories": null,
            "excludes": null,
            "id": "3ec766f45096efd2c830b6e76fc160015a252c72",
            "output_base64sha256": "EMUwW/qBWDGrGpKx46CkBO6FPgWHq/OanECUHzQ3yXM=",
            "output_base64sha512": "0yBMNjobiQd3olpUhpGm7h92vqKyD3XuNGQWxNnR91NKSRNkEdeRp9GHFQIdyXrNeufvwFCCSGxdSuLcUd+XiA==",
            "output_file_mode": null,
            "output_md5": "32a6ad77e586111f2acf2f90bade8480",
            "output_path": "./lambda-packages/admin-handler.zip",
            "output_sha": "3ec766f45096efd2c830b6e76fc160015a252c72",
            "output_sha256": "10c5305bfa815831ab1a92b1e3a0a404ee853e0587abf39a9c40941f3437c973",
            "output_sha512": "d3204c363a1b890777a25a548691a6ee1f76bea2b20f75ee346416c4d9d1f7534a49136411d791a7d18715021dc97acd7ae7efc05082486c5d4ae2dc51df9788",
            "output_size": 1147,
            "source": [],
            "source_content": null,
            "source_content_filename": null,
            "source_dir": null,
            "source_file": "./aws-lambda-admin-handler.js",
            "type": "zip"
          },
          "sensitive_attributes": []
        }
      ]
    },
    {
      "mode": "data",
      "type": "archive_file",
      "name": "feedback_handler",
      "provider": "provider[\"registry.terraform.io/hashicorp/archive\"]",
      "instances": [
        {
          "schema_version": 0,
          "attributes": {
            "exclude_symlink_directories": null,
            "excludes": null,
            "id": "0e1c5fe56cd79c3519c7f190c932d4156cc9036e",
            "output_base64sha256": "iy9qtU12ZEbck+lh9/zAecCNBw8O4WJ1IuO8su2jN0U=",
            "output_base64sha512": "BZPYr2xLyBL5BiV8Z3Ncxv+oD8r+AHeQsH7vF0mFJxJtf2KPBbqrhudT4mz+nXYLOtIsaDCBn5snp/MdnHLSlw==",
            "output_file_mode": null,
            "output_md5": "4e3c589693d7b18b3a9b02ba2b138766",
            "output_path": "./lambda-packages/feedback-handler.zip",
            "output_sha": "0e1c5fe56cd79c3519c7f190c932d4156cc9036e",
            "output_sha256": "8b2f6ab54d766446dc93e961f7fcc079c08d070f0ee1627522e3bcb2eda33745",
            "output_sha512": "0593d8af6c4bc812f906257c67735cc6ffa80fcafe007790b07eef17498527126d7f628f05baab86e753e26cfe9d760b3ad22c6830819f9b27a7f31d9c72d297",
            "output_size": 2155,
            "source": [],
            "source_content": null,
            "source_content_filename": null,
            "source_dir": null,
            "source_file": "./aws-lambda-feedback-handler.js",
            "type": "zip"
          },
          "sensitive_attributes": []
        }
      ]
    },
    {
      "mode": "managed",
      "type": "aws_acm_certificate",
      "name": "api",
      "provider": "provider[\"registry.terraform.io/hashicorp/aws\"]",
      "instances": [
        {
          "schema_version": 0,
          "attributes": {
            "arn": "arn:aws:acm:us-east-1:081003100424:certificate/7d256a23-64d6-4ad9-b08d-2db646b0a3bc",
            "certificate_authority_arn": "",
            "certificate_body": null,
            "certificate_chain": null,
            "domain_name": "api.untwist.app",
            "domain_validation_options": [
              {
                "domain_name": "api.untwist.app",
                "resource_record_name": "_84db6dc9684731ac3f75a343ef5079c9.api.untwist.app.",
                "resource_record_type": "CNAME",
                "resource_record_value": "_7c9517dca230d4a54daaee9a5058ea33.jkddzztszm.acm-validations.aws."
              }
            ],
            "early_renewal_duration": "",
            "id": "arn:aws:acm:us-east-1:081003100424:certificate/7d256a23-64d6-4ad9-b08d-2db646b0a3bc",
            "key_algorithm": "RSA_2048",
            "not_after": "2026-12-07T23:59:59Z",
            "not_before": "2025-11-08T00:00:00Z",
            "options": [
              {
                "certificate_transparency_logging_preference": "ENABLED"
              }
            ],
            "pending_renewal": false,
            "private_key": null,
            "renewal_eligibility": "ELIGIBLE",
            "renewal_summary": [],
            "status": "ISSUED",
            "subject_alternative_names": [
              "api.untwist.app"
            ],
            "tags": {
              "Environment": "prod",
              "ManagedBy": "Terraform",
              "Name": "api.untwist.app",
              "Owner": "john.pacheco",
              "Project": "Untwist",
              "Purpose": "Feedback API"
            },
            "tags_all": {
              "Environment": "prod",
              "ManagedBy": "Terraform",
              "Name": "api.untwist.app",
              "Owner": "john.pacheco",
              "Project": "Untwist",
              "Purpose": "Feedback API"
            },
            "type": "AMAZON_ISSUED",
            "validation_emails": [],
            "validation_method": "DNS",
            "validation_option": []
          },
          "sensitive_attributes": [],
          "private": "bnVsbA==",
          "create_before_destroy": true
        }
      ]
    },
    {
      "mode": "managed",
      "type": "aws_api_gateway_account",
      "name": "main",
      "provider": "provider[\"registry.terraform.io/hashicorp/aws\"]",
      "instances": [
        {
          "schema_version": 0,
          "attributes": {
            "api_key_version": "4",
            "cloudwatch_role_arn": "arn:aws:iam::081003100424:role/untwist-api-gateway-cloudwatch-prod",
            "features": [
              "UsagePlans"
            ],
            "id": "api-gateway-account",
            "reset_on_delete": null,
            "throttle_settings": [
              {
                "burst_limit": 5000,
                "rate_limit": 10000
              }
            ]
          },
          "sensitive_attributes": [],
          "dependencies": [
            "aws_iam_role.api_gateway_cloudwatch"
          ]
        }
      ]
    },
    {
      "mode": "managed",
      "type": "aws_api_gateway_api_key",
      "name": "admin",
      "provider": "provider[\"registry.terraform.io/hashicorp/aws\"]",
      "instances": [
        {
          "schema_version": 0,
          "attributes": {
            "arn": "arn:aws:apigateway:us-east-1::/apikeys/2mhrefbe30",
            "created_date": "2025-11-08T23:05:52Z",
            "customer_id": "",
            "description": "Managed by Terraform",
            "enabled": true,
            "id": "2mhrefbe30",
            "last_updated_date": "2025-11-08T23:05:52Z",
            "name": "untwist-admin-api-key-prod",
            "tags": {
              "Environment": "prod",
              "ManagedBy": "Terraform",
              "Owner": "john.pacheco",
              "Project": "Untwist",
              "Purpose": "Admin dashboard access only"
            },
            "tags_all": {
              "Environment": "prod",
              "ManagedBy": "Terraform",
              "Owner": "john.pacheco",
              "Project": "Untwist",
              "Purpose": "Admin dashboard access only"
            },
            "value": "oAjqhLi2Um1BqXnvwGCoaaHTOZrI8Vp24bBzaE4n"
          },
          "sensitive_attributes": [],
          "private": "bnVsbA=="
        }
      ]
    },
    {
      "mode": "managed",
      "type": "aws_api_gateway_api_key",
      "name": "feedback",
      "provider": "provider[\"registry.terraform.io/hashicorp/aws\"]",
      "instances": [
        {
          "index_key": 0,
          "schema_version": 0,
          "attributes": {
            "arn": "arn:aws:apigateway:us-east-1::/apikeys/t3z2i8schc",
            "created_date": "2025-11-08T21:10:19Z",
            "customer_id": "",
            "description": "Managed by Terraform",
            "enabled": true,
            "id": "t3z2i8schc",
            "last_updated_date": "2025-11-08T21:10:19Z",
            "name": "untwist-api-key-prod",
            "tags": {
              "Environment": "prod",
              "ManagedBy": "Terraform",
              "Owner": "john.pacheco",
              "Project": "Untwist",
              "Purpose": "Feedback API"
            },
            "tags_all": {
              "Environment": "prod",
              "ManagedBy": "Terraform",
              "Owner": "john.pacheco",
              "Project": "Untwist",
              "Purpose": "Feedback API"
            },
            "value": "PLXXXkx7F6aHYmcOHXF6E8P68HqSAv7jwUyMyO78"
          },
          "sensitive_attributes": [],
          "private": "bnVsbA=="
        }
      ]
    },
    {
      "mode": "managed",
      "type": "aws_api_gateway_base_path_mapping",
      "name": "api",
      "provider": "provider[\"registry.terraform.io/hashicorp/aws\"]",
      "instances": [
        {
          "schema_version": 0,
          "attributes": {
            "api_id": "o38y9lrtol",
            "base_path": "",
            "domain_name": "api.untwist.app",
            "domain_name_id": "",
            "id": "api.untwist.app/",
            "stage_name": "prod"
          },
          "sensitive_attributes": [],
          "private": "bnVsbA==",
          "dependencies": [
            "aws_acm_certificate.api",
            "aws_acm_certificate_validation.api",
            "aws_api_gateway_account.main",
            "aws_api_gateway_deployment.feedback",
            "aws_api_gateway_domain_name.api",
            "aws_api_gateway_integration.admin_feedback_get",
            "aws_api_gateway_integration.feedback_post",
            "aws_api_gateway_method.admin_feedback_get",
            "aws_api_gateway_method.feedback_post",
            "aws_api_gateway_resource.admin",
            "aws_api_gateway_resource.admin_feedback",
            "aws_api_gateway_resource.feedback",
            "aws_api_gateway_rest_api.feedback",
            "aws_api_gateway_stage.feedback",
            "aws_cloudwatch_log_group.api_gateway",
            "aws_dynamodb_table.feedback",
            "aws_iam_role.api_gateway_cloudwatch",
            "aws_iam_role.lambda_execution",
            "aws_lambda_function.admin_handler",
            "aws_lambda_function.feedback_handler",
            "aws_route53_record.cert_validation",
            "data.archive_file.admin_handler",
            "data.archive_file.feedback_handler",
            "data.aws_route53_zone.main"
          ]
        }
      ]
    },
    {
      "mode": "managed",
      "type": "aws_api_gateway_deployment",
      "name": "feedback",
      "provider": "provider[\"registry.terraform.io/hashicorp/aws\"]",
      "instances": [
        {
          "schema_version": 0,
          "attributes": {
            "canary_settings": [],
            "created_date": "2025-11-08T21:10:56Z",
            "description": "",
            "execution_arn": "arn:aws:execute-api:us-east-1:081003100424:o38y9lrtol/",
            "id": "ig27hq",
            "invoke_url": "https://o38y9lrtol.execute-api.us-east-1.amazonaws.com/",
            "rest_api_id": "o38y9lrtol",
            "stage_description": null,
            "stage_name": null,
            "triggers": {
              "redeployment": "6c379323aeb4772acb6c2cdd68c2ed8616045883"
            },
            "variables": null
          },
          "sensitive_attributes": [],
          "private": "bnVsbA==",
          "dependencies": [
            "aws_api_gateway_integration.admin_feedback_get",
            "aws_api_gateway_integration.feedback_post",
            "aws_api_gateway_method.admin_feedback_get",
            "aws_api_gateway_method.feedback_post",
            "aws_api_gateway_resource.admin",
            "aws_api_gateway_resource.admin_feedback",
            "aws_api_gateway_resource.feedback",
            "aws_api_gateway_rest_api.feedback",
            "aws_dynamodb_table.feedback",
            "aws_iam_role.lambda_execution",
            "aws_lambda_function.admin_handler",
            "aws_lambda_function.feedback_handler",
            "data.archive_file.admin_handler",
            "data.archive_file.feedback_handler"
          ],
          "create_before_destroy": true
        }
      ]
    },
    {
      "mode": "managed",
      "type": "aws_api_gateway_domain_name",
      "name": "api",
      "provider": "provider[\"registry.terraform.io/hashicorp/aws\"]",
      "instances": [
        {
          "schema_version": 0,
          "attributes": {
            "arn": "arn:aws:apigateway:us-east-1::/domainnames/api.untwist.app",
            "certificate_arn": "",
            "certificate_body": null,
            "certificate_chain": null,
            "certificate_name": "",
            "certificate_private_key": null,
            "certificate_upload_date": "2025-11-08T21:45:06Z",
            "cloudfront_domain_name": "",
            "cloudfront_zone_id": "Z2FDTNDATAQYW2",
            "domain_name": "api.untwist.app",
            "domain_name_id": "",
            "endpoint_configuration": [
              {
                "ip_address_type": "ipv4",
                "types": [
                  "REGIONAL"
                ]
              }
            ],
            "id": "api.untwist.app",
            "mutual_tls_authentication": [],
            "ownership_verification_certificate_arn": "",
            "policy": "",
            "regional_certificate_arn": "arn:aws:acm:us-east-1:081003100424:certificate/7d256a23-64d6-4ad9-b08d-2db646b0a3bc",
            "regional_certificate_name": "",
            "regional_domain_name": "d-sb21il7u14.execute-api.us-east-1.amazonaws.com",
            "regional_zone_id": "Z1UJRXOUMOOFQ8",
            "security_policy": "TLS_1_2",
            "tags": {
              "Environment": "prod",
              "ManagedBy": "Terraform",
              "Owner": "john.pacheco",
              "Project": "Untwist",
              "Purpose": "Feedback API"
            },
            "tags_all": {
              "Environment": "prod",
              "ManagedBy": "Terraform",
              "Owner": "john.pacheco",
              "Project": "Untwist",
              "Purpose": "Feedback API"
            }
          },
          "sensitive_attributes": [],
          "private": "bnVsbA==",
          "dependencies": [
            "aws_acm_certificate.api",
            "aws_acm_certificate_validation.api",
            "aws_route53_record.cert_validation",
            "data.aws_route53_zone.main"
          ]
        }
      ]
    },
    {
      "mode": "managed",
      "type": "aws_api_gateway_integration",
      "name": "admin_feedback_get",
      "provider": "provider[\"registry.terraform.io/hashicorp/aws\"]",
      "instances": [
        {
          "schema_version": 0,
          "attributes": {
            "cache_key_parameters": [],
            "cache_namespace": "6s3mv0",
            "connection_id": "",
            "connection_type": "INTERNET",
            "content_handling": "",
            "credentials": "",
            "http_method": "GET",
            "id": "agi-o38y9lrtol-6s3mv0-GET",
            "integration_http_method": "POST",
            "passthrough_behavior": "WHEN_NO_MATCH",
            "request_parameters": {},
            "request_templates": {},
            "resource_id": "6s3mv0",
            "rest_api_id": "o38y9lrtol",
            "timeout_milliseconds": 29000,
            "tls_config": [],
            "type": "AWS_PROXY",
            "uri": "arn:aws:apigateway:us-east-1:lambda:path/2015-03-31/functions/arn:aws:lambda:us-east-1:081003100424:function:untwist-admin-handler-prod/invocations"
          },
          "sensitive_attributes": [],
          "private": "bnVsbA==",
          "dependencies": [
            "aws_api_gateway_method.admin_feedback_get",
            "aws_api_gateway_resource.admin",
            "aws_api_gateway_resource.admin_feedback",
            "aws_api_gateway_rest_api.feedback",
            "aws_dynamodb_table.feedback",
            "aws_iam_role.lambda_execution",
            "aws_lambda_function.admin_handler",
            "data.archive_file.admin_handler"
          ],
          "create_before_destroy": true
        }
      ]
    },
    {
      "mode": "managed",
      "type": "aws_api_gateway_integration",
      "name": "admin_feedback_options",
      "provider": "provider[\"registry.terraform.io/hashicorp/aws\"]",
      "instances": [
        {
          "schema_version": 0,
          "attributes": {
            "cache_key_parameters": null,
            "cache_namespace": "6s3mv0",
            "connection_id": "",
            "connection_type": "INTERNET",
            "content_handling": "",
            "credentials": "",
            "http_method": "OPTIONS",
            "id": "agi-o38y9lrtol-6s3mv0-OPTIONS",
            "integration_http_method": "",
            "passthrough_behavior": "WHEN_NO_MATCH",
            "request_parameters": null,
            "request_templates": {
              "application/json": "{\"statusCode\": 200}"
            },
            "resource_id": "6s3mv0",
            "rest_api_id": "o38y9lrtol",
            "timeout_milliseconds": 29000,
            "tls_config": [],
            "type": "MOCK",
            "uri": ""
          },
          "sensitive_attributes": [],
          "private": "bnVsbA==",
          "dependencies": [
            "aws_api_gateway_method.admin_feedback_options",
            "aws_api_gateway_resource.admin_feedback",
            "aws_api_gateway_rest_api.feedback"
          ]
        }
      ]
    },
    {
      "mode": "managed",
      "type": "aws_api_gateway_integration",
      "name": "feedback_options",
      "provider": "provider[\"registry.terraform.io/hashicorp/aws\"]",
      "instances": [
        {
          "schema_version": 0,
          "attributes": {
            "cache_key_parameters": [],
            "cache_namespace": "au9f82",
            "connection_id": "",
            "connection_type": "INTERNET",
            "content_handling": "",
            "credentials": "",
            "http_method": "OPTIONS",
            "id": "agi-o38y9lrtol-au9f82-OPTIONS",
            "integration_http_method": "",
            "passthrough_behavior": "WHEN_NO_MATCH",
            "request_parameters": {},
            "request_templates": {
              "application/json": "{\"statusCode\": 200}"
            },
            "resource_id": "au9f82",
            "rest_api_id": "o38y9lrtol",
            "timeout_milliseconds": 29000,
            "tls_config": [],
            "type": "MOCK",
            "uri": ""
          },
          "sensitive_attributes": [],
          "private": "bnVsbA==",
          "dependencies": [
            "aws_api_gateway_method.feedback_options",
            "aws_api_gateway_resource.feedback",
            "aws_api_gateway_rest_api.feedback"
          ]
        }
      ]
    },
    {
      "mode": "managed",
      "type": "aws_api_gateway_integration",
      "name": "feedback_post",
      "provider": "provider[\"registry.terraform.io/hashicorp/aws\"]",
      "instances": [
        {
          "schema_version": 0,
          "attributes": {
            "cache_key_parameters": [],
            "cache_namespace": "au9f82",
            "connection_id": "",
            "connection_type": "INTERNET",
            "content_handling": "",
            "credentials": "",
            "http_method": "POST",
            "id": "agi-o38y9lrtol-au9f82-POST",
            "integration_http_method": "POST",
            "passthrough_behavior": "WHEN_NO_MATCH",
            "request_parameters": {},
            "request_templates": {},
            "resource_id": "au9f82",
            "rest_api_id": "o38y9lrtol",
            "timeout_milliseconds": 29000,
            "tls_config": [],
            "type": "AWS_PROXY",
            "uri": "arn:aws:apigateway:us-east-1:lambda:path/2015-03-31/functions/arn:aws:lambda:us-east-1:081003100424:function:untwist-feedback-handler-prod/invocations"
          },
          "sensitive_attributes": [],
          "private": "bnVsbA==",
          "dependencies": [
            "aws_api_gateway_method.feedback_post",
            "aws_api_gateway_resource.feedback",
            "aws_api_gateway_rest_api.feedback",
            "aws_dynamodb_table.feedback",
            "aws_iam_role.lambda_execution",
            "aws_lambda_function.feedback_handler",
            "data.archive_file.feedback_handler"
          ],
          "create_before_destroy": true
        }
      ]
    },
    {
      "mode": "managed",
      "type": "aws_api_gateway_integration_response",
      "name": "admin_feedback_options",
      "provider": "provider[\"registry.terraform.io/hashicorp/aws\"]",
      "instances": [
        {
          "schema_version": 0,
          "attributes": {
            "content_handling": "",
            "http_method": "OPTIONS",
            "id": "agir-o38y9lrtol-6s3mv0-OPTIONS-200",
            "resource_id": "6s3mv0",
            "response_parameters": {
              "method.response.header.Access-Control-Allow-Headers": "'Content-Type,X-Amz-Date,Authorization,X-Api-Key,X-Amz-Security-Token'",
              "method.response.header.Access-Control-Allow-Methods": "'GET,OPTIONS'",
              "method.response.header.Access-Control-Allow-Origin": "'*'"
            },
            "response_templates": null,
            "rest_api_id": "o38y9lrtol",
            "selection_pattern": "",
            "status_code": "200"
          },
          "sensitive_attributes": [],
          "private": "bnVsbA==",
          "dependencies": [
            "aws_api_gateway_method.admin_feedback_options",
            "aws_api_gateway_method_response.admin_feedback_options",
            "aws_api_gateway_resource.admin_feedback",
            "aws_api_gateway_rest_api.feedback"
          ]
        }
      ]
    },
    {
      "mode": "managed",
      "type": "aws_api_gateway_integration_response",
      "name": "feedback_options",
      "provider": "provider[\"registry.terraform.io/hashicorp/aws\"]",
      "instances": [
        {
          "schema_version": 0,
          "attributes": {
            "content_handling": "",
            "http_method": "OPTIONS",
            "id": "agir-o38y9lrtol-au9f82-OPTIONS-200",
            "resource_id": "au9f82",
            "response_parameters": {
              "method.response.header.Access-Control-Allow-Headers": "'Content-Type,X-Amz-Date,Authorization,X-Api-Key,X-Amz-Security-Token'",
              "method.response.header.Access-Control-Allow-Methods": "'POST,OPTIONS'",
              "method.response.header.Access-Control-Allow-Origin": "'*'"
            },
            "response_templates": {},
            "rest_api_id": "o38y9lrtol",
            "selection_pattern": "",
            "status_code": "200"
          },
          "sensitive_attributes": [],
          "private": "bnVsbA==",
          "dependencies": [
            "aws_api_gateway_method.feedback_options",
            "aws_api_gateway_method_response.feedback_options",
            "aws_api_gateway_resource.feedback",
            "aws_api_gateway_rest_api.feedback"
          ]
        }
      ]
    },
    {
      "mode": "managed",
      "type": "aws_api_gateway_method",
      "name": "admin_feedback_get",
      "provider": "provider[\"registry.terraform.io/hashicorp/aws\"]",
      "instances": [
        {
          "schema_version": 0,
          "attributes": {
            "api_key_required": true,
            "authorization": "NONE",
            "authorization_scopes": [],
            "authorizer_id": "",
            "http_method": "GET",
            "id": "agm-o38y9lrtol-6s3mv0-GET",
            "operation_name": "",
            "request_models": {},
            "request_parameters": {},
            "request_validator_id": "",
            "resource_id": "6s3mv0",
            "rest_api_id": "o38y9lrtol"
          },
          "sensitive_attributes": [],
          "private": "bnVsbA==",
          "dependencies": [
            "aws_api_gateway_resource.admin",
            "aws_api_gateway_resource.admin_feedback",
            "aws_api_gateway_rest_api.feedback"
          ],
          "create_before_destroy": true
        }
      ]
    },
    {
      "mode": "managed",
      "type": "aws_api_gateway_method",
      "name": "admin_feedback_options",
      "provider": "provider[\"registry.terraform.io/hashicorp/aws\"]",
      "instances": [
        {
          "schema_version": 0,
          "attributes": {
            "api_key_required": false,
            "authorization": "NONE",
            "authorization_scopes": null,
            "authorizer_id": null,
            "http_method": "OPTIONS",
            "id": "agm-o38y9lrtol-6s3mv0-OPTIONS",
            "operation_name": null,
            "request_models": null,
            "request_parameters": null,
            "request_validator_id": null,
            "resource_id": "6s3mv0",
            "rest_api_id": "o38y9lrtol"
          },
          "sensitive_attributes": [],
          "private": "bnVsbA==",
          "dependencies": [
            "aws_api_gateway_resource.admin_feedback",
            "aws_api_gateway_rest_api.feedback"
          ]
        }
      ]
    },
    {
      "mode": "managed",
      "type": "aws_api_gateway_method",
      "name": "feedback_options",
      "provider": "provider[\"registry.terraform.io/hashicorp/aws\"]",
      "instances": [
        {
          "schema_version": 0,
          "attributes": {
            "api_key_required": false,
            "authorization": "NONE",
            "authorization_scopes": [],
            "authorizer_id": "",
            "http_method": "OPTIONS",
            "id": "agm-o38y9lrtol-au9f82-OPTIONS",
            "operation_name": "",
            "request_models": {},
            "request_parameters": {},
            "request_validator_id": "",
            "resource_id": "au9f82",
            "rest_api_id": "o38y9lrtol"
          },
          "sensitive_attributes": [],
          "private": "bnVsbA==",
          "dependencies": [
            "aws_api_gateway_resource.feedback",
            "aws_api_gateway_rest_api.feedback"
          ]
        }
      ]
    },
    {
      "mode": "managed",
      "type": "aws_api_gateway_method",
      "name": "feedback_post",
      "provider": "provider[\"registry.terraform.io/hashicorp/aws\"]",
      "instances": [
        {
          "schema_version": 0,
          "attributes": {
            "api_key_required": true,
            "authorization": "NONE",
            "authorization_scopes": [],
            "authorizer_id": "",
            "http_method": "POST",
            "id": "agm-o38y9lrtol-au9f82-POST",
            "operation_name": "",
            "request_models": {},
            "request_parameters": {},
            "request_validator_id": "",
            "resource_id": "au9f82",
            "rest_api_id": "o38y9lrtol"
          },
          "sensitive_attributes": [],
          "private": "bnVsbA==",
          "dependencies": [
            "aws_api_gateway_resource.feedback",
            "aws_api_gateway_rest_api.feedback"
          ],
          "create_before_destroy": true
        }
      ]
    },
    {
      "mode": "managed",
      "type": "aws_api_gateway_method_response",
      "name": "admin_feedback_options",
      "provider": "provider[\"registry.terraform.io/hashicorp/aws\"]",
      "instances": [
        {
          "schema_version": 0,
          "attributes": {
            "http_method": "OPTIONS",
            "id": "agmr-o38y9lrtol-6s3mv0-OPTIONS-200",
            "resource_id": "6s3mv0",
            "response_models": null,
            "response_parameters": {
              "method.response.header.Access-Control-Allow-Headers": true,
              "method.response.header.Access-Control-Allow-Methods": true,
              "method.response.header.Access-Control-Allow-Origin": true
            },
            "rest_api_id": "o38y9lrtol",
            "status_code": "200"
          },
          "sensitive_attributes": [],
          "private": "bnVsbA==",
          "dependencies": [
            "aws_api_gateway_method.admin_feedback_options",
            "aws_api_gateway_resource.admin_feedback",
            "aws_api_gateway_rest_api.feedback"
          ]
        }
      ]
    },
    {
      "mode": "managed",
      "type": "aws_api_gateway_method_response",
      "name": "feedback_options",
      "provider": "provider[\"registry.terraform.io/hashicorp/aws\"]",
      "instances": [
        {
          "schema_version": 0,
          "attributes": {
            "http_method": "OPTIONS",
            "id": "agmr-o38y9lrtol-au9f82-OPTIONS-200",
            "resource_id": "au9f82",
            "response_models": {},
            "response_parameters": {
              "method.response.header.Access-Control-Allow-Headers": true,
              "method.response.header.Access-Control-Allow-Methods": true,
              "method.response.header.Access-Control-Allow-Origin": true
            },
            "rest_api_id": "o38y9lrtol",
            "status_code": "200"
          },
          "sensitive_attributes": [],
          "private": "bnVsbA==",
          "dependencies": [
            "aws_api_gateway_method.feedback_options",
            "aws_api_gateway_resource.feedback",
            "aws_api_gateway_rest_api.feedback"
          ]
        }
      ]
    },
    {
      "mode": "managed",
      "type": "aws_api_gateway_method_settings",
      "name": "feedback",
      "provider": "provider[\"registry.terraform.io/hashicorp/aws\"]",
      "instances": [
        {
          "schema_version": 0,
          "attributes": {
            "id": "o38y9lrtol-prod-*/*",
            "method_path": "*/*",
            "rest_api_id": "o38y9lrtol",
            "settings": [
              {
                "cache_data_encrypted": false,
                "cache_ttl_in_seconds": 300,
                "caching_enabled": false,
                "data_trace_enabled": true,
                "logging_level": "INFO",
                "metrics_enabled": true,
                "require_authorization_for_cache_control": true,
                "throttling_burst_limit": 20,
                "throttling_rate_limit": 10,
                "unauthorized_cache_control_header_strategy": "SUCCEED_WITH_RESPONSE_HEADER"
              }
            ],
            "stage_name": "prod"
          },
          "sensitive_attributes": [],
          "private": "bnVsbA==",
          "dependencies": [
            "aws_api_gateway_account.main",
            "aws_api_gateway_deployment.feedback",
            "aws_api_gateway_integration.admin_feedback_get",
            "aws_api_gateway_integration.feedback_post",
            "aws_api_gateway_method.admin_feedback_get",
            "aws_api_gateway_method.feedback_post",
            "aws_api_gateway_resource.admin",
            "aws_api_gateway_resource.admin_feedback",
            "aws_api_gateway_resource.feedback",
            "aws_api_gateway_rest_api.feedback",
            "aws_api_gateway_stage.feedback",
            "aws_cloudwatch_log_group.api_gateway",
            "aws_dynamodb_table.feedback",
            "aws_iam_role.api_gateway_cloudwatch",
            "aws_iam_role.lambda_execution",
            "aws_lambda_function.admin_handler",
            "aws_lambda_function.feedback_handler",
            "data.archive_file.admin_handler",
            "data.archive_file.feedback_handler"
          ]
        }
      ]
    },
    {
      "mode": "managed",
      "type": "aws_api_gateway_resource",
      "name": "admin",
      "provider": "provider[\"registry.terraform.io/hashicorp/aws\"]",
      "instances": [
        {
          "schema_version": 0,
          "attributes": {
            "id": "64vkui",
            "parent_id": "sv9ykd93t4",
            "path": "/admin",
            "path_part": "admin",
            "rest_api_id": "o38y9lrtol"
          },
          "sensitive_attributes": [],
          "private": "bnVsbA==",
          "dependencies": [
            "aws_api_gateway_rest_api.feedback"
          ],
          "create_before_destroy": true
        }
      ]
    },
    {
      "mode": "managed",
      "type": "aws_api_gateway_resource",
      "name": "admin_feedback",
      "provider": "provider[\"registry.terraform.io/hashicorp/aws\"]",
      "instances": [
        {
          "schema_version": 0,
          "attributes": {
            "id": "6s3mv0",
            "parent_id": "64vkui",
            "path": "/admin/feedback",
            "path_part": "feedback",
            "rest_api_id": "o38y9lrtol"
          },
          "sensitive_attributes": [],
          "private": "bnVsbA==",
          "dependencies": [
            "aws_api_gateway_resource.admin",
            "aws_api_gateway_rest_api.feedback"
          ],
          "create_before_destroy": true
        }
      ]
    },
    {
      "mode": "managed",
      "type": "aws_api_gateway_resource",
      "name": "feedback",
      "provider": "provider[\"registry.terraform.io/hashicorp/aws\"]",
      "instances": [
        {
          "schema_version": 0,
          "attributes": {
            "id": "au9f82",
            "parent_id": "sv9ykd93t4",
            "path": "/feedback",
            "path_part": "feedback",
            "rest_api_id": "o38y9lrtol"
          },
          "sensitive_attributes": [],
          "private": "bnVsbA==",
          "dependencies": [
            "aws_api_gateway_rest_api.feedback"
          ],
          "create_before_destroy": true
        }
      ]
    },
    {
      "mode": "managed",
      "type": "aws_api_gateway_rest_api",
      "name": "feedback",
      "provider": "provider[\"registry.terraform.io/hashicorp/aws\"]",
      "instances": [
        {
          "schema_version": 0,
          "attributes": {
            "api_key_source": "HEADER",
            "arn": "arn:aws:apigateway:us-east-1::/restapis/o38y9lrtol",
            "binary_media_types": [],
            "body": null,
            "created_date": "2025-11-08T21:10:20Z",
            "description": "Untwist Feedback API",
            "disable_execute_api_endpoint": false,
            "endpoint_configuration": [
              {
                "ip_address_type": "ipv4",
                "types": [
                  "REGIONAL"
                ],
                "vpc_endpoint_ids": []
              }
            ],
            "execution_arn": "arn:aws:execute-api:us-east-1:081003100424:o38y9lrtol",
            "fail_on_warnings": null,
            "id": "o38y9lrtol",
            "minimum_compression_size": "",
            "name": "untwist-api-prod",
            "parameters": null,
            "policy": "",
            "put_rest_api_mode": null,
            "root_resource_id": "sv9ykd93t4",
            "tags": {
              "Environment": "prod",
              "ManagedBy": "Terraform",
              "Owner": "john.pacheco",
              "Project": "Untwist",
              "Purpose": "Feedback API"
            },
            "tags_all": {
              "Environment": "prod",
              "ManagedBy": "Terraform",
              "Owner": "john.pacheco",
              "Project": "Untwist",
              "Purpose": "Feedback API"
            }
          },
          "sensitive_attributes": [],
          "private": "bnVsbA==",
          "create_before_destroy": true
        }
      ]
    },
    {
      "mode": "managed",
      "type": "aws_api_gateway_stage",
      "name": "feedback",
      "provider": "provider[\"registry.terraform.io/hashicorp/aws\"]",
      "instances": [
        {
          "schema_version": 0,
          "attributes": {
            "access_log_settings": [
              {
                "destination_arn": "arn:aws:logs:us-east-1:081003100424:log-group:/aws/apigateway/untwist-prod",
                "format": "{\"httpMethod\":\"$context.httpMethod\",\"ip\":\"$context.identity.sourceIp\",\"protocol\":\"$context.protocol\",\"requestId\":\"$context.requestId\",\"requestTime\":\"$context.requestTime\",\"resourcePath\":\"$context.resourcePath\",\"responseLength\":\"$context.responseLength\",\"status\":\"$context.status\"}"
              }
            ],
            "arn": "arn:aws:apigateway:us-east-1::/restapis/o38y9lrtol/stages/prod",
            "cache_cluster_enabled": false,
            "cache_cluster_size": "",
            "canary_settings": [],
            "client_certificate_id": "",
            "deployment_id": "ig27hq",
            "description": "",
            "documentation_version": "",
            "execution_arn": "arn:aws:execute-api:us-east-1:081003100424:o38y9lrtol/prod",
            "id": "ags-o38y9lrtol-prod",
            "invoke_url": "https://o38y9lrtol.execute-api.us-east-1.amazonaws.com/prod",
            "rest_api_id": "o38y9lrtol",
            "stage_name": "prod",
            "tags": {
              "Environment": "prod",
              "ManagedBy": "Terraform",
              "Owner": "john.pacheco",
              "Project": "Untwist",
              "Purpose": "Feedback API"
            },
            "tags_all": {
              "Environment": "prod",
              "ManagedBy": "Terraform",
              "Owner": "john.pacheco",
              "Project": "Untwist",
              "Purpose": "Feedback API"
            },
            "variables": {},
            "web_acl_arn": "",
            "xray_tracing_enabled": false
          },
          "sensitive_attributes": [],
          "private": "bnVsbA==",
          "dependencies": [
            "aws_api_gateway_account.main",
            "aws_api_gateway_deployment.feedback",
            "aws_api_gateway_integration.admin_feedback_get",
            "aws_api_gateway_integration.feedback_post",
            "aws_api_gateway_method.admin_feedback_get",
            "aws_api_gateway_method.feedback_post",
            "aws_api_gateway_resource.admin",
            "aws_api_gateway_resource.admin_feedback",
            "aws_api_gateway_resource.feedback",
            "aws_api_gateway_rest_api.feedback",
            "aws_cloudwatch_log_group.api_gateway",
            "aws_dynamodb_table.feedback",
            "aws_iam_role.api_gateway_cloudwatch",
            "aws_iam_role.lambda_execution",
            "aws_lambda_function.admin_handler",
            "aws_lambda_function.feedback_handler",
            "data.archive_file.admin_handler",
            "data.archive_file.feedback_handler"
          ]
        }
      ]
    },
    {
      "mode": "managed",
      "type": "aws_api_gateway_usage_plan",
      "name": "admin",
      "provider": "provider[\"registry.terraform.io/hashicorp/aws\"]",
      "instances": [
        {
          "schema_version": 0,
          "attributes": {
            "api_stages": [
              {
                "api_id": "o38y9lrtol",
                "stage": "prod",
                "throttle": []
              }
            ],
            "arn": "arn:aws:apigateway:us-east-1::/usageplans/x0n0d9",
            "description": "",
            "id": "x0n0d9",
            "name": "untwist-admin-usage-plan-prod",
            "product_code": "",
            "quota_settings": [
              {
                "limit": 1000,
                "offset": 0,
                "period": "MONTH"
              }
            ],
            "tags": {
              "Environment": "prod",
              "ManagedBy": "Terraform",
              "Owner": "john.pacheco",
              "Project": "Untwist",
              "Purpose": "Admin dashboard access only"
            },
            "tags_all": {
              "Environment": "prod",
              "ManagedBy": "Terraform",
              "Owner": "john.pacheco",
              "Project": "Untwist",
              "Purpose": "Admin dashboard access only"
            },
            "throttle_settings": [
              {
                "burst_limit": 10,
                "rate_limit": 5
              }
            ]
          },
          "sensitive_attributes": [],
          "private": "bnVsbA==",
          "dependencies": [
            "aws_api_gateway_account.main",
            "aws_api_gateway_deployment.feedback",
            "aws_api_gateway_integration.admin_feedback_get",
            "aws_api_gateway_integration.feedback_post",
            "aws_api_gateway_method.admin_feedback_get",
            "aws_api_gateway_method.feedback_post",
            "aws_api_gateway_resource.admin",
            "aws_api_gateway_resource.admin_feedback",
            "aws_api_gateway_resource.feedback",
            "aws_api_gateway_rest_api.feedback",
            "aws_api_gateway_stage.feedback",
            "aws_cloudwatch_log_group.api_gateway",
            "aws_dynamodb_table.feedback",
            "aws_iam_role.api_gateway_cloudwatch",
            "aws_iam_role.lambda_execution",
            "aws_lambda_function.admin_handler",
            "aws_lambda_function.feedback_handler",
            "data.archive_file.admin_handler",
            "data.archive_file.feedback_handler"
          ]
        }
      ]
    },
    {
      "mode": "managed",
      "type": "aws_api_gateway_usage_plan",
      "name": "feedback",
      "provider": "provider[\"registry.terraform.io/hashicorp/aws\"]",
      "instances": [
        {
          "index_key": 0,
          "schema_version": 0,
          "attributes": {
            "api_stages": [
              {
                "api_id": "o38y9lrtol",
                "stage": "prod",
                "throttle": []
              }
            ],
            "arn": "arn:aws:apigateway:us-east-1::/usageplans/jb9z90",
            "description": "",
            "id": "jb9z90",
            "name": "untwist-usage-plan-prod",
            "product_code": "",
            "quota_settings": [
              {
                "limit": 10000,
                "offset": 0,
                "period": "MONTH"
              }
            ],
            "tags": {
              "Environment": "prod",
              "ManagedBy": "Terraform",
              "Owner": "john.pacheco",
              "Project": "Untwist",
              "Purpose": "Feedback API"
            },
            "tags_all": {
              "Environment": "prod",
              "ManagedBy": "Terraform",
              "Owner": "john.pacheco",
              "Project": "Untwist",
              "Purpose": "Feedback API"
            },
            "throttle_settings": [
              {
                "burst_limit": 20,
                "rate_limit": 10
              }
            ]
          },
          "sensitive_attributes": [],
          "private": "bnVsbA==",
          "dependencies": [
            "aws_api_gateway_account.main",
            "aws_api_gateway_deployment.feedback",
            "aws_api_gateway_integration.admin_feedback_get",
            "aws_api_gateway_integration.feedback_post",
            "aws_api_gateway_method.admin_feedback_get",
            "aws_api_gateway_method.feedback_post",
            "aws_api_gateway_resource.admin",
            "aws_api_gateway_resource.admin_feedback",
            "aws_api_gateway_resource.feedback",
            "aws_api_gateway_rest_api.feedback",
            "aws_api_gateway_stage.feedback",
            "aws_cloudwatch_log_group.api_gateway",
            "aws_dynamodb_table.feedback",
            "aws_iam_role.api_gateway_cloudwatch",
            "aws_iam_role.lambda_execution",
            "aws_lambda_function.admin_handler",
            "aws_lambda_function.feedback_handler",
            "data.archive_file.admin_handler",
            "data.archive_file.feedback_handler"
          ]
        }
      ]
    },
    {
      "mode": "managed",
      "type": "aws_api_gateway_usage_plan_key",
      "name": "admin",
      "provider": "provider[\"registry.terraform.io/hashicorp/aws\"]",
      "instances": [
        {
          "schema_version": 0,
          "attributes": {
            "id": "2mhrefbe30",
            "key_id": "2mhrefbe30",
            "key_type": "API_KEY",
            "name": "untwist-admin-api-key-prod",
            "usage_plan_id": "x0n0d9",
            "value": "oAjqhLi2Um1BqXnvwGCoaaHTOZrI8Vp24bBzaE4n"
          },
          "sensitive_attributes": [],
          "private": "bnVsbA==",
          "dependencies": [
            "aws_api_gateway_account.main",
            "aws_api_gateway_api_key.admin",
            "aws_api_gateway_deployment.feedback",
            "aws_api_gateway_integration.admin_feedback_get",
            "aws_api_gateway_integration.feedback_post",
            "aws_api_gateway_method.admin_feedback_get",
            "aws_api_gateway_method.feedback_post",
            "aws_api_gateway_resource.admin",
            "aws_api_gateway_resource.admin_feedback",
            "aws_api_gateway_resource.feedback",
            "aws_api_gateway_rest_api.feedback",
            "aws_api_gateway_stage.feedback",
            "aws_api_gateway_usage_plan.admin",
            "aws_cloudwatch_log_group.api_gateway",
            "aws_dynamodb_table.feedback",
            "aws_iam_role.api_gateway_cloudwatch",
            "aws_iam_role.lambda_execution",
            "aws_lambda_function.admin_handler",
            "aws_lambda_function.feedback_handler",
            "data.archive_file.admin_handler",
            "data.archive_file.feedback_handler"
          ]
        }
      ]
    },
    {
      "mode": "managed",
      "type": "aws_api_gateway_usage_plan_key",
      "name": "feedback",
      "provider": "provider[\"registry.terraform.io/hashicorp/aws\"]",
      "instances": [
        {
          "index_key": 0,
          "schema_version": 0,
          "attributes": {
            "id": "t3z2i8schc",
            "key_id": "t3z2i8schc",
            "key_type": "API_KEY",
            "name": "untwist-api-key-prod",
            "usage_plan_id": "jb9z90",
            "value": "PLXXXkx7F6aHYmcOHXF6E8P68HqSAv7jwUyMyO78"
          },
          "sensitive_attributes": [],
          "private": "bnVsbA==",
          "dependencies": [
            "aws_api_gateway_account.main",
            "aws_api_gateway_api_key.feedback",
            "aws_api_gateway_deployment.feedback",
            "aws_api_gateway_integration.admin_feedback_get",
            "aws_api_gateway_integration.feedback_post",
            "aws_api_gateway_method.admin_feedback_get",
            "aws_api_gateway_method.feedback_post",
            "aws_api_gateway_resource.admin",
            "aws_api_gateway_resource.admin_feedback",
            "aws_api_gateway_resource.feedback",
            "aws_api_gateway_rest_api.feedback",
            "aws_api_gateway_stage.feedback",
            "aws_api_gateway_usage_plan.feedback",
            "aws_cloudwatch_log_group.api_gateway",
            "aws_dynamodb_table.feedback",
            "aws_iam_role.api_gateway_cloudwatch",
            "aws_iam_role.lambda_execution",
            "aws_lambda_function.admin_handler",
            "aws_lambda_function.feedback_handler",
            "data.archive_file.admin_handler",
            "data.archive_file.feedback_handler"
          ]
        }
      ]
    },
    {
      "mode": "managed",
      "type": "aws_cloudwatch_log_group",
      "name": "admin_handler",
      "provider": "provider[\"registry.terraform.io/hashicorp/aws\"]",
      "instances": [
        {
          "schema_version": 0,
          "attributes": {
            "arn": "arn:aws:logs:us-east-1:081003100424:log-group:/aws/lambda/untwist-admin-handler-prod",
            "id": "/aws/lambda/untwist-admin-handler-prod",
            "kms_key_id": "",
            "log_group_class": "STANDARD",
            "name": "/aws/lambda/untwist-admin-handler-prod",
            "name_prefix": "",
            "retention_in_days": 30,
            "skip_destroy": false,
            "tags": {
              "Environment": "prod",
              "ManagedBy": "Terraform",
              "Owner": "john.pacheco",
              "Project": "Untwist",
              "Purpose": "Feedback API"
            },
            "tags_all": {
              "Environment": "prod",
              "ManagedBy": "Terraform",
              "Owner": "john.pacheco",
              "Project": "Untwist",
              "Purpose": "Feedback API"
            }
          },
          "sensitive_attributes": [],
          "private": "bnVsbA==",
          "dependencies": [
            "aws_dynamodb_table.feedback",
            "aws_iam_role.lambda_execution",
            "aws_lambda_function.admin_handler",
            "data.archive_file.admin_handler"
          ]
        }
      ]
    },
    {
      "mode": "managed",
      "type": "aws_cloudwatch_log_group",
      "name": "api_gateway",
      "provider": "provider[\"registry.terraform.io/hashicorp/aws\"]",
      "instances": [
        {
          "schema_version": 0,
          "attributes": {
            "arn": "arn:aws:logs:us-east-1:081003100424:log-group:/aws/apigateway/untwist-prod",
            "id": "/aws/apigateway/untwist-prod",
            "kms_key_id": "",
            "log_group_class": "STANDARD",
            "name": "/aws/apigateway/untwist-prod",
            "name_prefix": "",
            "retention_in_days": 30,
            "skip_destroy": false,
            "tags": {
              "Environment": "prod",
              "ManagedBy": "Terraform",
              "Owner": "john.pacheco",
              "Project": "Untwist",
              "Purpose": "Feedback API"
            },
            "tags_all": {
              "Environment": "prod",
              "ManagedBy": "Terraform",
              "Owner": "john.pacheco",
              "Project": "Untwist",
              "Purpose": "Feedback API"
            }
          },
          "sensitive_attributes": [],
          "private": "bnVsbA=="
        }
      ]
    },
    {
      "mode": "managed",
      "type": "aws_cloudwatch_log_group",
      "name": "feedback_handler",
      "provider": "provider[\"registry.terraform.io/hashicorp/aws\"]",
      "instances": [
        {
          "schema_version": 0,
          "attributes": {
            "arn": "arn:aws:logs:us-east-1:081003100424:log-group:/aws/lambda/untwist-feedback-handler-prod",
            "id": "/aws/lambda/untwist-feedback-handler-prod",
            "kms_key_id": "",
            "log_group_class": "STANDARD",
            "name": "/aws/lambda/untwist-feedback-handler-prod",
            "name_prefix": "",
            "retention_in_days": 30,
            "skip_destroy": false,
            "tags": {
              "Environment": "prod",
              "ManagedBy": "Terraform",
              "Owner": "john.pacheco",
              "Project": "Untwist",
              "Purpose": "Feedback API"
            },
            "tags_all": {
              "Environment": "prod",
              "ManagedBy": "Terraform",
              "Owner": "john.pacheco",
              "Project": "Untwist",
              "Purpose": "Feedback API"
            }
          },
          "sensitive_attributes": [],
          "private": "bnVsbA==",
          "dependencies": [
            "aws_dynamodb_table.feedback",
            "aws_iam_role.lambda_execution",
            "aws_lambda_function.feedback_handler",
            "data.archive_file.feedback_handler"
          ]
        }
      ]
    },
    {
      "mode": "managed",
      "type": "aws_cloudwatch_metric_alarm",
      "name": "dynamodb_errors",
      "provider": "provider[\"registry.terraform.io/hashicorp/aws\"]",
      "instances": [
        {
          "schema_version": 1,
          "attributes": {
            "actions_enabled": true,
            "alarm_actions": [],
            "alarm_description": "Alert when DynamoDB user errors exceed threshold",
            "alarm_name": "untwist-dynamodb-errors-prod",
            "arn": "arn:aws:cloudwatch:us-east-1:081003100424:alarm:untwist-dynamodb-errors-prod",
            "comparison_operator": "GreaterThanThreshold",
            "datapoints_to_alarm": 0,
            "dimensions": {
              "TableName": "untwist-feedback-prod"
            },
            "evaluate_low_sample_count_percentiles": "",
            "evaluation_periods": 1,
            "extended_statistic": "",
            "id": "untwist-dynamodb-errors-prod",
            "insufficient_data_actions": [],
            "metric_name": "UserErrors",
            "metric_query": [],
            "namespace": "AWS/DynamoDB",
            "ok_actions": [],
            "period": 300,
            "statistic": "Sum",
            "tags": {
              "Environment": "prod",
              "ManagedBy": "Terraform",
              "Owner": "john.pacheco",
              "Project": "Untwist",
              "Purpose": "Feedback API"
            },
            "tags_all": {
              "Environment": "prod",
              "ManagedBy": "Terraform",
              "Owner": "john.pacheco",
              "Project": "Untwist",
              "Purpose": "Feedback API"
            },
            "threshold": 5,
            "threshold_metric_id": "",
            "treat_missing_data": "missing",
            "unit": ""
          },
          "sensitive_attributes": [],
          "private": "eyJzY2hlbWFfdmVyc2lvbiI6IjEifQ==",
          "dependencies": [
            "aws_dynamodb_table.feedback"
          ]
        }
      ]
    },
    {
      "mode": "managed",
      "type": "aws_cloudwatch_metric_alarm",
      "name": "feedback_handler_errors",
      "provider": "provider[\"registry.terraform.io/hashicorp/aws\"]",
      "instances": [
        {
          "schema_version": 1,
          "attributes": {
            "actions_enabled": true,
            "alarm_actions": [],
            "alarm_description": "Alert when Lambda errors exceed threshold",
            "alarm_name": "untwist-feedback-handler-errors-prod",
            "arn": "arn:aws:cloudwatch:us-east-1:081003100424:alarm:untwist-feedback-handler-errors-prod",
            "comparison_operator": "GreaterThanThreshold",
            "datapoints_to_alarm": 0,
            "dimensions": {
              "FunctionName": "untwist-feedback-handler-prod"
            },
            "evaluate_low_sample_count_percentiles": "",
            "evaluation_periods": 1,
            "extended_statistic": "",
            "id": "untwist-feedback-handler-errors-prod",
            "insufficient_data_actions": [],
            "metric_name": "Errors",
            "metric_query": [],
            "namespace": "AWS/Lambda",
            "ok_actions": [],
            "period": 300,
            "statistic": "Sum",
            "tags": {
              "Environment": "prod",
              "ManagedBy": "Terraform",
              "Owner": "john.pacheco",
              "Project": "Untwist",
              "Purpose": "Feedback API"
            },
            "tags_all": {
              "Environment": "prod",
              "ManagedBy": "Terraform",
              "Owner": "john.pacheco",
              "Project": "Untwist",
              "Purpose": "Feedback API"
            },
            "threshold": 5,
            "threshold_metric_id": "",
            "treat_missing_data": "missing",
            "unit": ""
          },
          "sensitive_attributes": [],
          "private": "eyJzY2hlbWFfdmVyc2lvbiI6IjEifQ==",
          "dependencies": [
            "aws_dynamodb_table.feedback",
            "aws_iam_role.lambda_execution",
            "aws_lambda_function.feedback_handler",
            "data.archive_file.feedback_handler"
          ]
        }
      ]
    },
    {
      "mode": "managed",
      "type": "aws_dynamodb_table",
      "name": "feedback",
      "provider": "provider[\"registry.terraform.io/hashicorp/aws\"]",
      "instances": [
        {
          "schema_version": 1,
          "attributes": {
            "arn": "arn:aws:dynamodb:us-east-1:081003100424:table/untwist-feedback-prod",
            "attribute": [
              {
                "name": "feedbackId",
                "type": "S"
              },
              {
                "name": "timestamp",
                "type": "S"
              },
              {
                "name": "type",
                "type": "S"
              }
            ],
            "billing_mode": "PAY_PER_REQUEST",
            "deletion_protection_enabled": true,
            "global_secondary_index": [
              {
                "hash_key": "type",
                "name": "TypeIndex",
                "non_key_attributes": [],
                "on_demand_throughput": [],
                "projection_type": "ALL",
                "range_key": "timestamp",
                "read_capacity": 0,
                "write_capacity": 0
              }
            ],
            "hash_key": "feedbackId",
            "id": "untwist-feedback-prod",
            "import_table": [],
            "local_secondary_index": [],
            "name": "untwist-feedback-prod",
            "on_demand_throughput": [],
            "point_in_time_recovery": [
              {
                "enabled": true,
                "recovery_period_in_days": 35
              }
            ],
            "range_key": "timestamp",
            "read_capacity": 0,
            "replica": [],
            "restore_date_time": null,
            "restore_source_name": null,
            "restore_source_table_arn": null,
            "restore_to_latest_time": null,
            "server_side_encryption": [
              {
                "enabled": true,
                "kms_key_arn": ""
              }
            ],
            "stream_arn": "",
            "stream_enabled": false,
            "stream_label": "",
            "stream_view_type": "",
            "table_class": "STANDARD",
            "tags": {
              "Environment": "prod",
              "ManagedBy": "Terraform",
              "Name": "untwist-feedback-prod",
              "Owner": "john.pacheco",
              "Project": "Untwist",
              "Purpose": "Feedback API"
            },
            "tags_all": {
              "Environment": "prod",
              "ManagedBy": "Terraform",
              "Name": "untwist-feedback-prod",
              "Owner": "john.pacheco",
              "Project": "Untwist",
              "Purpose": "Feedback API"
            },
            "timeouts": null,
            "ttl": [
              {
                "attribute_name": "",
                "enabled": false
              }
            ],
            "write_capacity": 0
          },
          "sensitive_attributes": [],
          "private": "eyJlMmJmYjczMC1lY2FhLTExZTYtOGY4OC0zNDM2M2JjN2M0YzAiOnsiY3JlYXRlIjoxODAwMDAwMDAwMDAwLCJkZWxldGUiOjYwMDAwMDAwMDAwMCwidXBkYXRlIjozNjAwMDAwMDAwMDAwfSwic2NoZW1hX3ZlcnNpb24iOiIxIn0=",
          "create_before_destroy": true
        }
      ]
    },
    {
      "mode": "managed",
      "type": "aws_iam_policy",
      "name": "lambda_dynamodb",
      "provider": "provider[\"registry.terraform.io/hashicorp/aws\"]",
      "instances": [
        {
          "schema_version": 0,
          "attributes": {
            "arn": "arn:aws:iam::081003100424:policy/untwist-lambda-dynamodb-prod",
            "attachment_count": 1,
            "description": "Allow Lambda to access DynamoDB feedback table",
            "id": "arn:aws:iam::081003100424:policy/untwist-lambda-dynamodb-prod",
            "name": "untwist-lambda-dynamodb-prod",
            "name_prefix": "",
            "path": "/",
            "policy": "{\"Statement\":[{\"Action\":[\"dynamodb:PutItem\",\"dynamodb:GetItem\",\"dynamodb:Query\",\"dynamodb:Scan\"],\"Effect\":\"Allow\",\"Resource\":[\"arn:aws:dynamodb:us-east-1:081003100424:table/untwist-feedback-prod\",\"arn:aws:dynamodb:us-east-1:081003100424:table/untwist-feedback-prod/index/*\"]}],\"Version\":\"2012-10-17\"}",
            "policy_id": "ANPARFXBJHEEECRBFAHS3",
            "tags": {
              "Environment": "prod",
              "ManagedBy": "Terraform",
              "Owner": "john.pacheco",
              "Project": "Untwist",
              "Purpose": "Feedback API"
            },
            "tags_all": {
              "Environment": "prod",
              "ManagedBy": "Terraform",
              "Owner": "john.pacheco",
              "Project": "Untwist",
              "Purpose": "Feedback API"
            }
          },
          "sensitive_attributes": [],
          "private": "bnVsbA==",
          "dependencies": [
            "aws_dynamodb_table.feedback"
          ]
        }
      ]
    },
    {
      "mode": "managed",
      "type": "aws_iam_policy",
      "name": "lambda_ses",
      "provider": "provider[\"registry.terraform.io/hashicorp/aws\"]",
      "instances": [
        {
          "schema_version": 0,
          "attributes": {
            "arn": "arn:aws:iam::081003100424:policy/untwist-lambda-ses-prod",
            "attachment_count": 1,
            "description": "Allow Lambda to send emails via SES",
            "id": "arn:aws:iam::081003100424:policy/untwist-lambda-ses-prod",
            "name": "untwist-lambda-ses-prod",
            "name_prefix": "",
            "path": "/",
            "policy": "{\"Statement\":[{\"Action\":[\"ses:SendEmail\",\"ses:SendRawEmail\"],\"Condition\":{\"StringEquals\":{\"ses:FromAddress\":\"noreply@untwist.app\"}},\"Effect\":\"Allow\",\"Resource\":\"*\"}],\"Version\":\"2012-10-17\"}",
            "policy_id": "ANPARFXBJHEEBWTFXMLLQ",
            "tags": {
              "Environment": "prod",
              "ManagedBy": "Terraform",
              "Owner": "john.pacheco",
              "Project": "Untwist",
              "Purpose": "Feedback API"
            },
            "tags_all": {
              "Environment": "prod",
              "ManagedBy": "Terraform",
              "Owner": "john.pacheco",
              "Project": "Untwist",
              "Purpose": "Feedback API"
            }
          },
          "sensitive_attributes": [],
          "private": "bnVsbA=="
        }
      ]
    },
    {
      "mode": "managed",
      "type": "aws_iam_role",
      "name": "api_gateway_cloudwatch",
      "provider": "provider[\"registry.terraform.io/hashicorp/aws\"]",
      "instances": [
        {
          "schema_version": 0,
          "attributes": {
            "arn": "arn:aws:iam::081003100424:role/untwist-api-gateway-cloudwatch-prod",
            "assume_role_policy": "{\"Statement\":[{\"Action\":\"sts:AssumeRole\",\"Effect\":\"Allow\",\"Principal\":{\"Service\":\"apigateway.amazonaws.com\"}}],\"Version\":\"2012-10-17\"}",
            "create_date": "2025-11-08T21:47:56Z",
            "description": "",
            "force_detach_policies": false,
            "id": "untwist-api-gateway-cloudwatch-prod",
            "inline_policy": [],
            "managed_policy_arns": [
              "arn:aws:iam::aws:policy/service-role/AmazonAPIGatewayPushToCloudWatchLogs"
            ],
            "max_session_duration": 3600,
            "name": "untwist-api-gateway-cloudwatch-prod",
            "name_prefix": "",
            "path": "/",
            "permissions_boundary": "",
            "tags": {
              "Environment": "prod",
              "ManagedBy": "Terraform",
              "Name": "untwist-api-gateway-cloudwatch-prod",
              "Owner": "john.pacheco",
              "Project": "Untwist",
              "Purpose": "Feedback API"
            },
            "tags_all": {
              "Environment": "prod",
              "ManagedBy": "Terraform",
              "Name": "untwist-api-gateway-cloudwatch-prod",
              "Owner": "john.pacheco",
              "Project": "Untwist",
              "Purpose": "Feedback API"
            },
            "unique_id": "AROARFXBJHEEIDAH2XOBO"
          },
          "sensitive_attributes": [],
          "private": "bnVsbA=="
        }
      ]
    },
    {
      "mode": "managed",
      "type": "aws_iam_role",
      "name": "lambda_execution",
      "provider": "provider[\"registry.terraform.io/hashicorp/aws\"]",
      "instances": [
        {
          "schema_version": 0,
          "attributes": {
            "arn": "arn:aws:iam::081003100424:role/untwist-lambda-execution-prod",
            "assume_role_policy": "{\"Statement\":[{\"Action\":\"sts:AssumeRole\",\"Effect\":\"Allow\",\"Principal\":{\"Service\":\"lambda.amazonaws.com\"}}],\"Version\":\"2012-10-17\"}",
            "create_date": "2025-11-08T21:10:19Z",
            "description": "",
            "force_detach_policies": false,
            "id": "untwist-lambda-execution-prod",
            "inline_policy": [],
            "managed_policy_arns": [
              "arn:aws:iam::081003100424:policy/untwist-lambda-dynamodb-prod",
              "arn:aws:iam::081003100424:policy/untwist-lambda-ses-prod",
              "arn:aws:iam::aws:policy/service-role/AWSLambdaBasicExecutionRole"
            ],
            "max_session_duration": 3600,
            "name": "untwist-lambda-execution-prod",
            "name_prefix": "",
            "path": "/",
            "permissions_boundary": "",
            "tags": {
              "Environment": "prod",
              "ManagedBy": "Terraform",
              "Name": "untwist-lambda-execution-prod",
              "Owner": "john.pacheco",
              "Project": "Untwist",
              "Purpose": "Feedback API"
            },
            "tags_all": {
              "Environment": "prod",
              "ManagedBy": "Terraform",
              "Name": "untwist-lambda-execution-prod",
              "Owner": "john.pacheco",
              "Project": "Untwist",
              "Purpose": "Feedback API"
            },
            "unique_id": "AROARFXBJHEEIDHZRFF7U"
          },
          "sensitive_attributes": [],
          "private": "bnVsbA==",
          "create_before_destroy": true
        }
      ]
    },
    {
      "mode": "managed",
      "type": "aws_iam_role_policy_attachment",
      "name": "api_gateway_cloudwatch",
      "provider": "provider[\"registry.terraform.io/hashicorp/aws\"]",
      "instances": [
        {
          "schema_version": 0,
          "attributes": {
            "id": "untwist-api-gateway-cloudwatch-prod-20251108214756443000000001",
            "policy_arn": "arn:aws:iam::aws:policy/service-role/AmazonAPIGatewayPushToCloudWatchLogs",
            "role": "untwist-api-gateway-cloudwatch-prod"
          },
          "sensitive_attributes": [],
          "private": "bnVsbA==",
          "dependencies": [
            "aws_iam_role.api_gateway_cloudwatch"
          ]
        }
      ]
    },
    {
      "mode": "managed",
      "type": "aws_iam_role_policy_attachment",
      "name": "lambda_basic_execution",
      "provider": "provider[\"registry.terraform.io/hashicorp/aws\"]",
      "instances": [
        {
          "schema_version": 0,
          "attributes": {
            "id": "untwist-lambda-execution-prod-20251108211019923100000003",
            "policy_arn": "arn:aws:iam::aws:policy/service-role/AWSLambdaBasicExecutionRole",
            "role": "untwist-lambda-execution-prod"
          },
          "sensitive_attributes": [],
          "private": "bnVsbA==",
          "dependencies": [
            "aws_iam_role.lambda_execution"
          ]
        }
      ]
    },
    {
      "mode": "managed",
      "type": "aws_iam_role_policy_attachment",
      "name": "lambda_dynamodb",
      "provider": "provider[\"registry.terraform.io/hashicorp/aws\"]",
      "instances": [
        {
          "schema_version": 0,
          "attributes": {
            "id": "untwist-lambda-execution-prod-20251108211044116000000004",
            "policy_arn": "arn:aws:iam::081003100424:policy/untwist-lambda-dynamodb-prod",
            "role": "untwist-lambda-execution-prod"
          },
          "sensitive_attributes": [],
          "private": "bnVsbA==",
          "dependencies": [
            "aws_dynamodb_table.feedback",
            "aws_iam_policy.lambda_dynamodb",
            "aws_iam_role.lambda_execution"
          ]
        }
      ]
    },
    {
      "mode": "managed",
      "type": "aws_iam_role_policy_attachment",
      "name": "lambda_ses",
      "provider": "provider[\"registry.terraform.io/hashicorp/aws\"]",
      "instances": [
        {
          "schema_version": 0,
          "attributes": {
            "id": "untwist-lambda-execution-prod-20251108211019918700000002",
            "policy_arn": "arn:aws:iam::081003100424:policy/untwist-lambda-ses-prod",
            "role": "untwist-lambda-execution-prod"
          },
          "sensitive_attributes": [],
          "private": "bnVsbA==",
          "dependencies": [
            "aws_iam_policy.lambda_ses",
            "aws_iam_role.lambda_execution"
          ]
        }
      ]
    },
    {
      "mode": "managed",
      "type": "aws_lambda_function",
      "name": "admin_handler",
      "provider": "provider[\"registry.terraform.io/hashicorp/aws\"]",
      "instances": [
        {
          "schema_version": 0,
          "attributes": {
            "architectures": [
              "arm64"
            ],
            "arn": "arn:aws:lambda:us-east-1:081003100424:function:untwist-admin-handler-prod",
            "code_sha256": "EMUwW/qBWDGrGpKx46CkBO6FPgWHq/OanECUHzQ3yXM=",
            "code_signing_config_arn": "",
            "dead_letter_config": [],
            "description": "",
            "environment": [
              {
                "variables": {
                  "DYNAMODB_TABLE": "untwist-feedback-prod",
                  "ENVIRONMENT": "prod"
                }
              }
            ],
            "ephemeral_storage": [
              {
                "size": 512
              }
            ],
            "file_system_config": [],
            "filename": "./lambda-packages/admin-handler.zip",
            "function_name": "untwist-admin-handler-prod",
            "handler": "aws-lambda-admin-handler.handler",
            "id": "untwist-admin-handler-prod",
            "image_config": [],
            "image_uri": "",
            "invoke_arn": "arn:aws:apigateway:us-east-1:lambda:path/2015-03-31/functions/arn:aws:lambda:us-east-1:081003100424:function:untwist-admin-handler-prod/invocations",
            "kms_key_arn": "",
            "last_modified": "2025-11-08T21:10:50.362+0000",
            "layers": [],
            "logging_config": [
              {
                "application_log_level": "",
                "log_format": "Text",
                "log_group": "/aws/lambda/untwist-admin-handler-prod",
                "system_log_level": ""
              }
            ],
            "memory_size": 256,
            "package_type": "Zip",
            "publish": false,
            "qualified_arn": "arn:aws:lambda:us-east-1:081003100424:function:untwist-admin-handler-prod:$LATEST",
            "qualified_invoke_arn": "arn:aws:apigateway:us-east-1:lambda:path/2015-03-31/functions/arn:aws:lambda:us-east-1:081003100424:function:untwist-admin-handler-prod:$LATEST/invocations",
            "replace_security_groups_on_destroy": null,
            "replacement_security_group_ids": null,
            "reserved_concurrent_executions": -1,
            "role": "arn:aws:iam::081003100424:role/untwist-lambda-execution-prod",
            "runtime": "nodejs20.x",
            "s3_bucket": null,
            "s3_key": null,
            "s3_object_version": null,
            "signing_job_arn": "",
            "signing_profile_version_arn": "",
            "skip_destroy": false,
            "snap_start": [],
            "source_code_hash": "EMUwW/qBWDGrGpKx46CkBO6FPgWHq/OanECUHzQ3yXM=",
            "source_code_size": 1147,
            "tags": {
              "Environment": "prod",
              "ManagedBy": "Terraform",
              "Name": "untwist-admin-handler-prod",
              "Owner": "john.pacheco",
              "Project": "Untwist",
              "Purpose": "Feedback API"
            },
            "tags_all": {
              "Environment": "prod",
              "ManagedBy": "Terraform",
              "Name": "untwist-admin-handler-prod",
              "Owner": "john.pacheco",
              "Project": "Untwist",
              "Purpose": "Feedback API"
            },
            "timeout": 10,
            "timeouts": null,
            "tracing_config": [
              {
                "mode": "PassThrough"
              }
            ],
            "version": "$LATEST",
            "vpc_config": []
          },
          "sensitive_attributes": [],
          "private": "eyJlMmJmYjczMC1lY2FhLTExZTYtOGY4OC0zNDM2M2JjN2M0YzAiOnsiY3JlYXRlIjo2MDAwMDAwMDAwMDAsImRlbGV0ZSI6NjAwMDAwMDAwMDAwLCJ1cGRhdGUiOjYwMDAwMDAwMDAwMH19",
          "dependencies": [
            "aws_dynamodb_table.feedback",
            "aws_iam_role.lambda_execution",
            "data.archive_file.admin_handler"
          ],
          "create_before_destroy": true
        }
      ]
    },
    {
      "mode": "managed",
      "type": "aws_lambda_function",
      "name": "feedback_handler",
      "provider": "provider[\"registry.terraform.io/hashicorp/aws\"]",
      "instances": [
        {
          "schema_version": 0,
          "attributes": {
            "architectures": [
              "arm64"
            ],
            "arn": "arn:aws:lambda:us-east-1:081003100424:function:untwist-feedback-handler-prod",
            "code_sha256": "iy9qtU12ZEbck+lh9/zAecCNBw8O4WJ1IuO8su2jN0U=",
            "code_signing_config_arn": "",
            "dead_letter_config": [],
            "description": "",
            "environment": [
              {
                "variables": {
                  "DYNAMODB_TABLE": "untwist-feedback-prod",
                  "ENVIRONMENT": "prod",
                  "FROM_EMAIL": "noreply@untwist.app",
                  "NOTIFICATION_EMAIL": "john@untwist.app"
                }
              }
            ],
            "ephemeral_storage": [
              {
                "size": 512
              }
            ],
            "file_system_config": [],
            "filename": "./lambda-packages/feedback-handler.zip",
            "function_name": "untwist-feedback-handler-prod",
            "handler": "aws-lambda-feedback-handler.handler",
            "id": "untwist-feedback-handler-prod",
            "image_config": [],
            "image_uri": "",
            "invoke_arn": "arn:aws:apigateway:us-east-1:lambda:path/2015-03-31/functions/arn:aws:lambda:us-east-1:081003100424:function:untwist-feedback-handler-prod/invocations",
            "kms_key_arn": "",
            "last_modified": "2025-11-08T21:10:44.169+0000",
            "layers": [],
            "logging_config": [
              {
                "application_log_level": "",
                "log_format": "Text",
                "log_group": "/aws/lambda/untwist-feedback-handler-prod",
                "system_log_level": ""
              }
            ],
            "memory_size": 256,
            "package_type": "Zip",
            "publish": false,
            "qualified_arn": "arn:aws:lambda:us-east-1:081003100424:function:untwist-feedback-handler-prod:$LATEST",
            "qualified_invoke_arn": "arn:aws:apigateway:us-east-1:lambda:path/2015-03-31/functions/arn:aws:lambda:us-east-1:081003100424:function:untwist-feedback-handler-prod:$LATEST/invocations",
            "replace_security_groups_on_destroy": null,
            "replacement_security_group_ids": null,
            "reserved_concurrent_executions": -1,
            "role": "arn:aws:iam::081003100424:role/untwist-lambda-execution-prod",
            "runtime": "nodejs20.x",
            "s3_bucket": null,
            "s3_key": null,
            "s3_object_version": null,
            "signing_job_arn": "",
            "signing_profile_version_arn": "",
            "skip_destroy": false,
            "snap_start": [],
            "source_code_hash": "iy9qtU12ZEbck+lh9/zAecCNBw8O4WJ1IuO8su2jN0U=",
            "source_code_size": 2155,
            "tags": {
              "Environment": "prod",
              "ManagedBy": "Terraform",
              "Name": "untwist-feedback-handler-prod",
              "Owner": "john.pacheco",
              "Project": "Untwist",
              "Purpose": "Feedback API"
            },
            "tags_all": {
              "Environment": "prod",
              "ManagedBy": "Terraform",
              "Name": "untwist-feedback-handler-prod",
              "Owner": "john.pacheco",
              "Project": "Untwist",
              "Purpose": "Feedback API"
            },
            "timeout": 10,
            "timeouts": null,
            "tracing_config": [
              {
                "mode": "PassThrough"
              }
            ],
            "version": "$LATEST",
            "vpc_config": []
          },
          "sensitive_attributes": [],
          "private": "eyJlMmJmYjczMC1lY2FhLTExZTYtOGY4OC0zNDM2M2JjN2M0YzAiOnsiY3JlYXRlIjo2MDAwMDAwMDAwMDAsImRlbGV0ZSI6NjAwMDAwMDAwMDAwLCJ1cGRhdGUiOjYwMDAwMDAwMDAwMH19",
          "dependencies": [
            "aws_dynamodb_table.feedback",
            "aws_iam_role.lambda_execution",
            "data.archive_file.feedback_handler"
          ],
          "create_before_destroy": true
        }
      ]
    },
    {
      "mode": "managed",
      "type": "aws_lambda_permission",
      "name": "admin_api_gateway",
      "provider": "provider[\"registry.terraform.io/hashicorp/aws\"]",
      "instances": [
        {
          "schema_version": 0,
          "attributes": {
            "action": "lambda:InvokeFunction",
            "event_source_token": null,
            "function_name": "untwist-admin-handler-prod",
            "function_url_auth_type": null,
            "id": "AllowAPIGatewayInvoke",
            "principal": "apigateway.amazonaws.com",
            "principal_org_id": null,
            "qualifier": "",
            "source_account": null,
            "source_arn": "arn:aws:execute-api:us-east-1:081003100424:o38y9lrtol/*/*",
            "statement_id": "AllowAPIGatewayInvoke",
            "statement_id_prefix": ""
          },
          "sensitive_attributes": [],
          "private": "bnVsbA==",
          "dependencies": [
            "aws_api_gateway_rest_api.feedback",
            "aws_dynamodb_table.feedback",
            "aws_iam_role.lambda_execution",
            "aws_lambda_function.admin_handler",
            "data.archive_file.admin_handler"
          ]
        }
      ]
    },
    {
      "mode": "managed",
      "type": "aws_lambda_permission",
      "name": "feedback_api_gateway",
      "provider": "provider[\"registry.terraform.io/hashicorp/aws\"]",
      "instances": [
        {
          "schema_version": 0,
          "attributes": {
            "action": "lambda:InvokeFunction",
            "event_source_token": null,
            "function_name": "untwist-feedback-handler-prod",
            "function_url_auth_type": null,
            "id": "AllowAPIGatewayInvoke",
            "principal": "apigateway.amazonaws.com",
            "principal_org_id": null,
            "qualifier": "",
            "source_account": null,
            "source_arn": "arn:aws:execute-api:us-east-1:081003100424:o38y9lrtol/*/*",
            "statement_id": "AllowAPIGatewayInvoke",
            "statement_id_prefix": ""
          },
          "sensitive_attributes": [],
          "private": "bnVsbA==",
          "dependencies": [
            "aws_api_gateway_rest_api.feedback",
            "aws_dynamodb_table.feedback",
            "aws_iam_role.lambda_execution",
            "aws_lambda_function.feedback_handler",
            "data.archive_file.feedback_handler"
          ]
        }
      ]
    },
    {
      "mode": "managed",
      "type": "aws_ses_configuration_set",
      "name": "feedback",
      "provider": "provider[\"registry.terraform.io/hashicorp/aws\"]",
      "instances": [
        {
          "schema_version": 0,
          "attributes": {
            "arn": "arn:aws:ses:us-east-1:081003100424:configuration-set/untwist-prod",
            "delivery_options": [],
            "id": "untwist-prod",
            "last_fresh_start": "0001-01-01T00:00:00Z",
            "name": "untwist-prod",
            "reputation_metrics_enabled": true,
            "sending_enabled": true,
            "tracking_options": []
          },
          "sensitive_attributes": [],
          "private": "bnVsbA=="
        }
      ]
    },
    {
      "mode": "managed",
      "type": "aws_ses_email_identity",
      "name": "from_email",
      "provider": "provider[\"registry.terraform.io/hashicorp/aws\"]",
      "instances": [
        {
          "schema_version": 0,
          "attributes": {
            "arn": "arn:aws:ses:us-east-1:081003100424:identity/noreply@untwist.app",
            "email": "noreply@untwist.app",
            "id": "noreply@untwist.app"
          },
          "sensitive_attributes": [],
          "private": "bnVsbA=="
        }
      ]
    },
    {
      "mode": "managed",
      "type": "aws_ses_email_identity",
      "name": "notification_email",
      "provider": "provider[\"registry.terraform.io/hashicorp/aws\"]",
      "instances": [
        {
          "index_key": 0,
          "schema_version": 0,
          "attributes": {
            "arn": "arn:aws:ses:us-east-1:081003100424:identity/john@untwist.app",
            "email": "john@untwist.app",
            "id": "john@untwist.app"
          },
          "sensitive_attributes": [],
          "private": "bnVsbA=="
        }
      ]
    },
    {
      "mode": "managed",
      "type": "aws_ses_event_destination",
      "name": "cloudwatch",
      "provider": "provider[\"registry.terraform.io/hashicorp/aws\"]",
      "instances": [
        {
          "schema_version": 0,
          "attributes": {
            "arn": "arn:aws:ses:us-east-1:081003100424:configuration-set/untwist-prod:event-destination/cloudwatch-destination",
            "cloudwatch_destination": [
              {
                "default_value": "default",
                "dimension_name": "ses:configuration-set",
                "value_source": "messageTag"
              }
            ],
            "configuration_set_name": "untwist-prod",
            "enabled": true,
            "id": "cloudwatch-destination",
            "kinesis_destination": [],
            "matching_types": [
              "bounce",
              "complaint",
              "delivery"
            ],
            "name": "cloudwatch-destination",
            "sns_destination": []
          },
          "sensitive_attributes": [],
          "private": "bnVsbA==",
          "dependencies": [
            "aws_ses_configuration_set.feedback"
          ]
        }
      ]
    }
  ],
  "check_results": null
}
